
Microsoft Visual Studio Solution File, Format Version 12.00
# Visual Studio Version 17
VisualStudioVersion = 17.8.34330.188
MinimumVisualStudioVersion = 10.0.40219.1
Project("{9A19103F-16F7-4668-BE54-9A1E7A4F7556}") = "VENTAS.API", "VENTAS.API\VENTAS.API.csproj", "{C5A38744-1BF2-4ACC-87C5-FE9CA5E4F446}"
EndProject
Global
	GlobalSection(SolutionConfigurationPlatforms) = preSolution
		Debug|Any CPU = Debug|Any CPU
		Release|Any CPU = Release|Any CPU
	EndGlobalSection
	GlobalSection(ProjectConfigurationPlatforms) = postSolution
		{C5A38744-1BF2-4ACC-87C5-FE9CA5E4F446}.Debug|Any CPU.ActiveCfg = Debug|Any CPU
		{C5A38744-1BF2-4ACC-87C5-FE9CA5E4F446}.Debug|Any CPU.Build.0 = Debug|Any CPU
		{C5A38744-1BF2-4ACC-87C5-FE9CA5E4F446}.Release|Any CPU.ActiveCfg = Release|Any CPU
		{C5A38744-1BF2-4ACC-87C5-FE9CA5E4F446}.Release|Any CPU.Build.0 = Release|Any CPU
	EndGlobalSection
	GlobalSection(SolutionProperties) = preSolution
		HideSolutionNode = FALSE
	EndGlobalSection
	GlobalSection(ExtensibilityGlobals) = postSolution
		SolutionGuid = {66C456FD-3BCD-46FA-9C2F-34A9282670E1}
	EndGlobalSection
EndGlobal
